
Microsoft Visual Studio Solution File, Format Version 12.00
# Visual Studio Version 17
VisualStudioVersion = 17.6.33723.286
MinimumVisualStudioVersion = 10.0.40219.1
Project("{FAE04EC0-301F-11D3-BF4B-00C04F79EFBC}") = "ExercicioAula06-casa", "ExercicioAula06-casa.csproj", "{24522069-4EA9-48DA-AD87-E766A9581A15}"
EndProject
Global
	GlobalSection(SolutionConfigurationPlatforms) = preSolution
		Debug|Any CPU = Debug|Any CPU
		Release|Any CPU = Release|Any CPU
	EndGlobalSection
	GlobalSection(ProjectConfigurationPlatforms) = postSolution
		{24522069-4EA9-48DA-AD87-E766A9581A15}.Debug|Any CPU.ActiveCfg = Debug|Any CPU
		{24522069-4EA9-48DA-AD87-E766A9581A15}.Debug|Any CPU.Build.0 = Debug|Any CPU
		{24522069-4EA9-48DA-AD87-E766A9581A15}.Release|Any CPU.ActiveCfg = Release|Any CPU
		{24522069-4EA9-48DA-AD87-E766A9581A15}.Release|Any CPU.Build.0 = Release|Any CPU
	EndGlobalSection
	GlobalSection(SolutionProperties) = preSolution
		HideSolutionNode = FALSE
	EndGlobalSection
	GlobalSection(ExtensibilityGlobals) = postSolution
		SolutionGuid = {90FE0AEF-D974-41B1-AD7F-21DE321A78D4}
	EndGlobalSection
EndGlobal
